
Microsoft Visual Studio Solution File, Format Version 12.00
# Visual Studio 14
VisualStudioVersion = 14.0.25420.1
MinimumVisualStudioVersion = 10.0.40219.1
Project("{8BC9CEB8-8B4A-11D0-8D11-00A0C91BC942}") = "gen_code", "gen_code\gen_code.vcxproj", "{7B63D6D6-33F4-42FC-8E84-CCB12DAC57C3}"
	ProjectSection(ProjectDependencies) = postProject
		{E744A5E8-7006-4932-BC09-3C37D7B48441} = {E744A5E8-7006-4932-BC09-3C37D7B48441}
	EndProjectSection
EndProject
Project("{8BC9CEB8-8B4A-11D0-8D11-00A0C91BC942}") = "ta_common", "ta_common\ta_common.vcxproj", "{E744A5E8-7006-4932-BC09-3C37D7B48441}"
EndProject
Project("{8BC9CEB8-8B4A-11D0-8D11-00A0C91BC942}") = "ta_abstract", "ta_abstract\ta_abstract.vcxproj", "{6D58BF02-FB50-43B2-86CA-7ACDD69E8BEB}"
	ProjectSection(ProjectDependencies) = postProject
		{E744A5E8-7006-4932-BC09-3C37D7B48441} = {E744A5E8-7006-4932-BC09-3C37D7B48441}
	EndProjectSection
EndProject
Project("{8BC9CEB8-8B4A-11D0-8D11-00A0C91BC942}") = "ta_func", "ta_func\ta_func.vcxproj", "{3869C57F-9573-4F6D-9DE4-6554298DCBB4}"
	ProjectSection(ProjectDependencies) = postProject
		{E744A5E8-7006-4932-BC09-3C37D7B48441} = {E744A5E8-7006-4932-BC09-3C37D7B48441}
	EndProjectSection
EndProject
Project("{8BC9CEB8-8B4A-11D0-8D11-00A0C91BC942}") = "ta_regtest", "ta_regtest\ta_regtest.vcxproj", "{4F4C46B8-AECD-4772-9D2F-458519801058}"
	ProjectSection(ProjectDependencies) = postProject
		{6D58BF02-FB50-43B2-86CA-7ACDD69E8BEB} = {6D58BF02-FB50-43B2-86CA-7ACDD69E8BEB}
		{3869C57F-9573-4F6D-9DE4-6554298DCBB4} = {3869C57F-9573-4F6D-9DE4-6554298DCBB4}
		{4FFDB0B5-6F3A-40DC-9D09-8724AE5F2843} = {4FFDB0B5-6F3A-40DC-9D09-8724AE5F2843}
		{7B63D6D6-33F4-42FC-8E84-CCB12DAC57C3} = {7B63D6D6-33F4-42FC-8E84-CCB12DAC57C3}
		{E744A5E8-7006-4932-BC09-3C37D7B48441} = {E744A5E8-7006-4932-BC09-3C37D7B48441}
	EndProjectSection
EndProject
Project("{2150E333-8FDC-42A3-9474-1A3956D46DE8}") = "documents", "documents", "{E53D0738-A0FE-4AA2-B6DA-3FF68177D18E}"
	ProjectSection(SolutionItems) = preProject
		..\..\..\..\CHANGELOG.TXT = ..\..\..\..\CHANGELOG.TXT
		..\..\..\..\HISTORY.TXT = ..\..\..\..\HISTORY.TXT
		..\..\..\..\LICENSE.TXT = ..\..\..\..\LICENSE.TXT
		..\..\..\..\README.TXT = ..\..\..\..\README.TXT
	EndProjectSection
EndProject
Project("{8BC9CEB8-8B4A-11D0-8D11-00A0C91BC942}") = "ta_libc", "ta_libc\ta_libc.vcxproj", "{4FFDB0B5-6F3A-40DC-9D09-8724AE5F2843}"
	ProjectSection(ProjectDependencies) = postProject
		{6D58BF02-FB50-43B2-86CA-7ACDD69E8BEB} = {6D58BF02-FB50-43B2-86CA-7ACDD69E8BEB}
		{3869C57F-9573-4F6D-9DE4-6554298DCBB4} = {3869C57F-9573-4F6D-9DE4-6554298DCBB4}
		{E744A5E8-7006-4932-BC09-3C37D7B48441} = {E744A5E8-7006-4932-BC09-3C37D7B48441}
	EndProjectSection
EndProject
Global
	GlobalSection(SolutionConfigurationPlatforms) = preSolution
		cdd|x64 = cdd|x64
		cdd|x86 = cdd|x86
		cdr|x64 = cdr|x64
		cdr|x86 = cdr|x86
	EndGlobalSection
	GlobalSection(ProjectConfigurationPlatforms) = postSolution
		{7B63D6D6-33F4-42FC-8E84-CCB12DAC57C3}.cdd|x64.ActiveCfg = cdd|x64
		{7B63D6D6-33F4-42FC-8E84-CCB12DAC57C3}.cdd|x64.Build.0 = cdd|x64
		{7B63D6D6-33F4-42FC-8E84-CCB12DAC57C3}.cdd|x86.ActiveCfg = cdd|Win32
		{7B63D6D6-33F4-42FC-8E84-CCB12DAC57C3}.cdd|x86.Build.0 = cdd|Win32
		{7B63D6D6-33F4-42FC-8E84-CCB12DAC57C3}.cdr|x64.ActiveCfg = cdr|x64
		{7B63D6D6-33F4-42FC-8E84-CCB12DAC57C3}.cdr|x64.Build.0 = cdr|x64
		{7B63D6D6-33F4-42FC-8E84-CCB12DAC57C3}.cdr|x86.ActiveCfg = cdr|Win32
		{7B63D6D6-33F4-42FC-8E84-CCB12DAC57C3}.cdr|x86.Build.0 = cdr|Win32
		{E744A5E8-7006-4932-BC09-3C37D7B48441}.cdd|x64.ActiveCfg = cdd|x64
		{E744A5E8-7006-4932-BC09-3C37D7B48441}.cdd|x64.Build.0 = cdd|x64
		{E744A5E8-7006-4932-BC09-3C37D7B48441}.cdd|x86.ActiveCfg = cdd|Win32
		{E744A5E8-7006-4932-BC09-3C37D7B48441}.cdd|x86.Build.0 = cdd|Win32
		{E744A5E8-7006-4932-BC09-3C37D7B48441}.cdr|x64.ActiveCfg = cdr|x64
		{E744A5E8-7006-4932-BC09-3C37D7B48441}.cdr|x64.Build.0 = cdr|x64
		{E744A5E8-7006-4932-BC09-3C37D7B48441}.cdr|x86.ActiveCfg = cdr|Win32
		{E744A5E8-7006-4932-BC09-3C37D7B48441}.cdr|x86.Build.0 = cdr|Win32
		{6D58BF02-FB50-43B2-86CA-7ACDD69E8BEB}.cdd|x64.ActiveCfg = cdd|x64
		{6D58BF02-FB50-43B2-86CA-7ACDD69E8BEB}.cdd|x64.Build.0 = cdd|x64
		{6D58BF02-FB50-43B2-86CA-7ACDD69E8BEB}.cdd|x86.ActiveCfg = cdd|Win32
		{6D58BF02-FB50-43B2-86CA-7ACDD69E8BEB}.cdd|x86.Build.0 = cdd|Win32
		{6D58BF02-FB50-43B2-86CA-7ACDD69E8BEB}.cdr|x64.ActiveCfg = cdr|x64
		{6D58BF02-FB50-43B2-86CA-7ACDD69E8BEB}.cdr|x64.Build.0 = cdr|x64
		{6D58BF02-FB50-43B2-86CA-7ACDD69E8BEB}.cdr|x86.ActiveCfg = cdr|Win32
		{6D58BF02-FB50-43B2-86CA-7ACDD69E8BEB}.cdr|x86.Build.0 = cdr|Win32
		{3869C57F-9573-4F6D-9DE4-6554298DCBB4}.cdd|x64.ActiveCfg = cdd|x64
		{3869C57F-9573-4F6D-9DE4-6554298DCBB4}.cdd|x64.Build.0 = cdd|x64
		{3869C57F-9573-4F6D-9DE4-6554298DCBB4}.cdd|x86.ActiveCfg = cdd|Win32
		{3869C57F-9573-4F6D-9DE4-6554298DCBB4}.cdd|x86.Build.0 = cdd|Win32
		{3869C57F-9573-4F6D-9DE4-6554298DCBB4}.cdr|x64.ActiveCfg = cdr|x64
		{3869C57F-9573-4F6D-9DE4-6554298DCBB4}.cdr|x64.Build.0 = cdr|x64
		{3869C57F-9573-4F6D-9DE4-6554298DCBB4}.cdr|x86.ActiveCfg = cdr|Win32
		{3869C57F-9573-4F6D-9DE4-6554298DCBB4}.cdr|x86.Build.0 = cdr|Win32
		{4F4C46B8-AECD-4772-9D2F-458519801058}.cdd|x64.ActiveCfg = cdd|x64
		{4F4C46B8-AECD-4772-9D2F-458519801058}.cdd|x64.Build.0 = cdd|x64
		{4F4C46B8-AECD-4772-9D2F-458519801058}.cdd|x86.ActiveCfg = cdd|Win32
		{4F4C46B8-AECD-4772-9D2F-458519801058}.cdd|x86.Build.0 = cdd|Win32
		{4F4C46B8-AECD-4772-9D2F-458519801058}.cdr|x64.ActiveCfg = cdr|x64
		{4F4C46B8-AECD-4772-9D2F-458519801058}.cdr|x64.Build.0 = cdr|x64
		{4F4C46B8-AECD-4772-9D2F-458519801058}.cdr|x86.ActiveCfg = cdr|Win32
		{4F4C46B8-AECD-4772-9D2F-458519801058}.cdr|x86.Build.0 = cdr|Win32
		{4FFDB0B5-6F3A-40DC-9D09-8724AE5F2843}.cdd|x64.ActiveCfg = cdd|x64
		{4FFDB0B5-6F3A-40DC-9D09-8724AE5F2843}.cdd|x64.Build.0 = cdd|x64
		{4FFDB0B5-6F3A-40DC-9D09-8724AE5F2843}.cdd|x86.ActiveCfg = cdd|Win32
		{4FFDB0B5-6F3A-40DC-9D09-8724AE5F2843}.cdd|x86.Build.0 = cdd|Win32
		{4FFDB0B5-6F3A-40DC-9D09-8724AE5F2843}.cdr|x64.ActiveCfg = cdr|x64
		{4FFDB0B5-6F3A-40DC-9D09-8724AE5F2843}.cdr|x64.Build.0 = cdr|x64
		{4FFDB0B5-6F3A-40DC-9D09-8724AE5F2843}.cdr|x86.ActiveCfg = cdr|Win32
		{4FFDB0B5-6F3A-40DC-9D09-8724AE5F2843}.cdr|x86.Build.0 = cdr|Win32
	EndGlobalSection
	GlobalSection(SolutionProperties) = preSolution
		HideSolutionNode = FALSE
	EndGlobalSection
EndGlobal
