<?xml version="1.0" encoding="utf-8"?>
<Project ToolsVersion="4.0" xmlns="http://schemas.microsoft.com/developer/msbuild/2003">
  <ItemGroup>
    <Filter Include="Source Files">
      <UniqueIdentifier>{4FC737F1-C7A5-4376-A066-2A32D752A2FF}</UniqueIdentifier>
      <Extensions>cpp;c;cc;cxx;c++;cppm;ixx;def;odl;idl;hpj;bat;asm;asmx</Extensions>
    </Filter>
    <Filter Include="Header Files">
      <UniqueIdentifier>{93995380-89BD-4b04-88EB-625FBE52EBFB}</UniqueIdentifier>
      <Extensions>h;hh;hpp;hxx;h++;hm;inl;inc;ipp;xsd</Extensions>
    </Filter>
    <Filter Include="Resource Files">
      <UniqueIdentifier>{67DA6AB6-F800-4c08-8B7A-83BB121AAD01}</UniqueIdentifier>
      <Extensions>rc;ico;cur;bmp;dlg;rc2;rct;bin;rgs;gif;jpg;jpeg;jpe;resx;tiff;tif;png;wav;mfcribbon-ms</Extensions>
    </Filter>
    <Filter Include="Source Files\tables">
      <UniqueIdentifier>{9cefe423-4be9-4421-a716-ba4c1c64b136}</UniqueIdentifier>
    </Filter>
    <Filter Include="Source Files\tools">
      <UniqueIdentifier>{68064050-a1bc-49c4-8752-3812a655fdea}</UniqueIdentifier>
    </Filter>
  </ItemGroup>
  <ItemGroup>
    <ClCompile Include="..\..\..\src\ta_abstract\ta_abstract.c">
      <Filter>Source Files</Filter>
    </ClCompile>
    <ClCompile Include="..\..\..\src\ta_abstract\ta_def_ui.c">
      <Filter>Source Files</Filter>
    </ClCompile>
    <ClCompile Include="..\..\..\src\ta_abstract\tables\table_a.c">
      <Filter>Source Files\tables</Filter>
    </ClCompile>
    <ClCompile Include="..\..\..\src\ta_abstract\tables\table_b.c">
      <Filter>Source Files\tables</Filter>
    </ClCompile>
    <ClCompile Include="..\..\..\src\ta_abstract\tables\table_c.c">
      <Filter>Source Files\tables</Filter>
    </ClCompile>
    <ClCompile Include="..\..\..\src\ta_abstract\tables\table_d.c">
      <Filter>Source Files\tables</Filter>
    </ClCompile>
    <ClCompile Include="..\..\..\src\ta_abstract\tables\table_e.c">
      <Filter>Source Files\tables</Filter>
    </ClCompile>
    <ClCompile Include="..\..\..\src\ta_abstract\tables\table_f.c">
      <Filter>Source Files\tables</Filter>
    </ClCompile>
    <ClCompile Include="..\..\..\src\ta_abstract\tables\table_g.c">
      <Filter>Source Files\tables</Filter>
    </ClCompile>
    <ClCompile Include="..\..\..\src\ta_abstract\tables\table_h.c">
      <Filter>Source Files\tables</Filter>
    </ClCompile>
    <ClCompile Include="..\..\..\src\ta_abstract\tables\table_i.c">
      <Filter>Source Files\tables</Filter>
    </ClCompile>
    <ClCompile Include="..\..\..\src\ta_abstract\tables\table_j.c">
      <Filter>Source Files\tables</Filter>
    </ClCompile>
    <ClCompile Include="..\..\..\src\ta_abstract\tables\table_k.c">
      <Filter>Source Files\tables</Filter>
    </ClCompile>
    <ClCompile Include="..\..\..\src\ta_abstract\tables\table_l.c">
      <Filter>Source Files\tables</Filter>
    </ClCompile>
    <ClCompile Include="..\..\..\src\ta_abstract\tables\table_m.c">
      <Filter>Source Files\tables</Filter>
    </ClCompile>
    <ClCompile Include="..\..\..\src\ta_abstract\tables\table_n.c">
      <Filter>Source Files\tables</Filter>
    </ClCompile>
    <ClCompile Include="..\..\..\src\ta_abstract\tables\table_o.c">
      <Filter>Source Files\tables</Filter>
    </ClCompile>
    <ClCompile Include="..\..\..\src\ta_abstract\tables\table_p.c">
      <Filter>Source Files\tables</Filter>
    </ClCompile>
    <ClCompile Include="..\..\..\src\ta_abstract\tables\table_q.c">
      <Filter>Source Files\tables</Filter>
    </ClCompile>
    <ClCompile Include="..\..\..\src\ta_abstract\tables\table_r.c">
      <Filter>Source Files\tables</Filter>
    </ClCompile>
    <ClCompile Include="..\..\..\src\ta_abstract\tables\table_s.c">
      <Filter>Source Files\tables</Filter>
    </ClCompile>
    <ClCompile Include="..\..\..\src\ta_abstract\tables\table_t.c">
      <Filter>Source Files\tables</Filter>
    </ClCompile>
    <ClCompile Include="..\..\..\src\ta_abstract\tables\table_u.c">
      <Filter>Source Files\tables</Filter>
    </ClCompile>
    <ClCompile Include="..\..\..\src\ta_abstract\tables\table_v.c">
      <Filter>Source Files\tables</Filter>
    </ClCompile>
    <ClCompile Include="..\..\..\src\ta_abstract\tables\table_w.c">
      <Filter>Source Files\tables</Filter>
    </ClCompile>
    <ClCompile Include="..\..\..\src\ta_abstract\tables\table_x.c">
      <Filter>Source Files\tables</Filter>
    </ClCompile>
    <ClCompile Include="..\..\..\src\ta_abstract\tables\table_y.c">
      <Filter>Source Files\tables</Filter>
    </ClCompile>
    <ClCompile Include="..\..\..\src\ta_abstract\tables\table_z.c">
      <Filter>Source Files\tables</Filter>
    </ClCompile>
    <ClCompile Include="..\..\..\src\tools\gen_code\gen_code.c">
      <Filter>Source Files\tools</Filter>
    </ClCompile>
  </ItemGroup>
  <ItemGroup>
    <ClInclude Include="..\..\..\include\ta_abstract.h">
      <Filter>Header Files</Filter>
    </ClInclude>
    <ClInclude Include="..\..\..\include\ta_common.h">
      <Filter>Header Files</Filter>
    </ClInclude>
    <ClInclude Include="..\..\..\include\ta_defs.h">
      <Filter>Header Files</Filter>
    </ClInclude>
    <ClInclude Include="..\..\..\src\ta_common\ta_memory.h">
      <Filter>Header Files</Filter>
    </ClInclude>
    <ClInclude Include="..\..\..\src\ta_common\ta_pragma.h">
      <Filter>Header Files</Filter>
    </ClInclude>
    <ClInclude Include="..\..\..\src\ta_abstract\ta_def_ui.h">
      <Filter>Header Files</Filter>
    </ClInclude>
    <ClInclude Include="..\..\..\src\ta_abstract\ta_frame_priv.h">
      <Filter>Header Files</Filter>
    </ClInclude>
  </ItemGroup>
</Project>