
Microsoft Visual Studio Solution File, Format Version 12.00
# Visual Studio Version 17
VisualStudioVersion = 17.6.33801.468
MinimumVisualStudioVersion = 10.0.40219.1
Project("{8BC9CEB8-8B4A-11D0-8D11-00A0C91BC942}") = "ta_common", "ta_common\ta_common.vcxproj", "{776FA24B-2D51-454A-ABBD-06E48EF6BA9C}"
EndProject
Project("{8BC9CEB8-8B4A-11D0-8D11-00A0C91BC942}") = "ta_func", "ta_func\ta_func.vcxproj", "{70EBA6B4-2912-4E53-BDFC-B6C5053FB14C}"
EndProject
Project("{8BC9CEB8-8B4A-11D0-8D11-00A0C91BC942}") = "ta_libc", "ta_libc\ta_libc.vcxproj", "{92368827-FB74-4AF0-A8C5-100F9E7A78BC}"
EndProject
Project("{8BC9CEB8-8B4A-11D0-8D11-00A0C91BC942}") = "ta_regtest", "ta_regtest\ta_regtest.vcxproj", "{4258F1D0-AC01-407A-B327-725AEBD9DC00}"
EndProject
Global
	GlobalSection(SolutionConfigurationPlatforms) = preSolution
		Debug|x64 = Debug|x64
		Release|x64 = Release|x64
	EndGlobalSection
	GlobalSection(ProjectConfigurationPlatforms) = postSolution
		{776FA24B-2D51-454A-ABBD-06E48EF6BA9C}.Debug|x64.ActiveCfg = Debug|x64
		{776FA24B-2D51-454A-ABBD-06E48EF6BA9C}.Debug|x64.Build.0 = Debug|x64
		{776FA24B-2D51-454A-ABBD-06E48EF6BA9C}.Release|x64.ActiveCfg = Release|x64
		{776FA24B-2D51-454A-ABBD-06E48EF6BA9C}.Release|x64.Build.0 = Release|x64
		{70EBA6B4-2912-4E53-BDFC-B6C5053FB14C}.Debug|x64.ActiveCfg = Debug|x64
		{70EBA6B4-2912-4E53-BDFC-B6C5053FB14C}.Debug|x64.Build.0 = Debug|x64
		{70EBA6B4-2912-4E53-BDFC-B6C5053FB14C}.Release|x64.ActiveCfg = Release|x64
		{70EBA6B4-2912-4E53-BDFC-B6C5053FB14C}.Release|x64.Build.0 = Release|x64
		{92368827-FB74-4AF0-A8C5-100F9E7A78BC}.Debug|x64.ActiveCfg = Debug|x64
		{92368827-FB74-4AF0-A8C5-100F9E7A78BC}.Debug|x64.Build.0 = Debug|x64
		{92368827-FB74-4AF0-A8C5-100F9E7A78BC}.Release|x64.ActiveCfg = Release|x64
		{92368827-FB74-4AF0-A8C5-100F9E7A78BC}.Release|x64.Build.0 = Release|x64
		{4258F1D0-AC01-407A-B327-725AEBD9DC00}.Debug|x64.ActiveCfg = Debug|x64
		{4258F1D0-AC01-407A-B327-725AEBD9DC00}.Debug|x64.Build.0 = Debug|x64
		{4258F1D0-AC01-407A-B327-725AEBD9DC00}.Release|x64.ActiveCfg = Release|x64
		{4258F1D0-AC01-407A-B327-725AEBD9DC00}.Release|x64.Build.0 = Release|x64
	EndGlobalSection
	GlobalSection(SolutionProperties) = preSolution
		HideSolutionNode = FALSE
	EndGlobalSection
	GlobalSection(ExtensibilityGlobals) = postSolution
		SolutionGuid = {3424C71A-4180-433C-85F8-22A3F6EFF884}
	EndGlobalSection
EndGlobal
