<?xml version="1.0" encoding="utf-8"?>
<Project ToolsVersion="4.0" xmlns="http://schemas.microsoft.com/developer/msbuild/2003">
  <ItemGroup>
    <Filter Include="include">
      <UniqueIdentifier>{93995380-89BD-4b04-88EB-625FBE52EBFB}</UniqueIdentifier>
      <Extensions>h;hh;hpp;hxx;hm;inl;inc;xsd</Extensions>
    </Filter>
    <Filter Include="src">
      <UniqueIdentifier>{4FC737F1-C7A5-4376-A066-2A32D752A2FF}</UniqueIdentifier>
      <Extensions>cpp;c;cc;cxx;def;odl;idl;hpj;bat;asm;asmx</Extensions>
    </Filter>
    <Filter Include="src\ta_abstract">
      <UniqueIdentifier>{abcccb8a-6bc9-4329-b231-70426c9fb43c}</UniqueIdentifier>
    </Filter>
    <Filter Include="src\ta_abstract\tables">
      <UniqueIdentifier>{152235ec-a298-42e2-97a6-f8b26504cc65}</UniqueIdentifier>
    </Filter>
    <Filter Include="src\tools">
      <UniqueIdentifier>{a9ea0d1f-cc4f-4457-b5b0-db0037736c0e}</UniqueIdentifier>
    </Filter>
    <Filter Include="src\tools\gen_code">
      <UniqueIdentifier>{8203d672-867e-41ef-97df-f1a7a5744bff}</UniqueIdentifier>
    </Filter>
  </ItemGroup>
  <ItemGroup>
    <ClInclude Include="..\..\..\..\include\ta_common.h">
      <Filter>include</Filter>
    </ClInclude>
    <ClInclude Include="..\..\..\..\src\ta_common\ta_pragma.h">
      <Filter>include</Filter>
    </ClInclude>
    <ClInclude Include="..\..\..\..\src\ta_abstract\ta_def_ui.h">
      <Filter>src\ta_abstract</Filter>
    </ClInclude>
  </ItemGroup>
  <ItemGroup>
    <ClCompile Include="..\..\..\..\src\ta_abstract\tables\table_a.c">
      <Filter>src\ta_abstract\tables</Filter>
    </ClCompile>
    <ClCompile Include="..\..\..\..\src\ta_abstract\tables\table_b.c">
      <Filter>src\ta_abstract\tables</Filter>
    </ClCompile>
    <ClCompile Include="..\..\..\..\src\ta_abstract\tables\table_c.c">
      <Filter>src\ta_abstract\tables</Filter>
    </ClCompile>
    <ClCompile Include="..\..\..\..\src\ta_abstract\tables\table_d.c">
      <Filter>src\ta_abstract\tables</Filter>
    </ClCompile>
    <ClCompile Include="..\..\..\..\src\ta_abstract\tables\table_e.c">
      <Filter>src\ta_abstract\tables</Filter>
    </ClCompile>
    <ClCompile Include="..\..\..\..\src\ta_abstract\tables\table_f.c">
      <Filter>src\ta_abstract\tables</Filter>
    </ClCompile>
    <ClCompile Include="..\..\..\..\src\ta_abstract\tables\table_g.c">
      <Filter>src\ta_abstract\tables</Filter>
    </ClCompile>
    <ClCompile Include="..\..\..\..\src\ta_abstract\tables\table_h.c">
      <Filter>src\ta_abstract\tables</Filter>
    </ClCompile>
    <ClCompile Include="..\..\..\..\src\ta_abstract\tables\table_i.c">
      <Filter>src\ta_abstract\tables</Filter>
    </ClCompile>
    <ClCompile Include="..\..\..\..\src\ta_abstract\tables\table_j.c">
      <Filter>src\ta_abstract\tables</Filter>
    </ClCompile>
    <ClCompile Include="..\..\..\..\src\ta_abstract\tables\table_k.c">
      <Filter>src\ta_abstract\tables</Filter>
    </ClCompile>
    <ClCompile Include="..\..\..\..\src\ta_abstract\tables\table_l.c">
      <Filter>src\ta_abstract\tables</Filter>
    </ClCompile>
    <ClCompile Include="..\..\..\..\src\ta_abstract\tables\table_m.c">
      <Filter>src\ta_abstract\tables</Filter>
    </ClCompile>
    <ClCompile Include="..\..\..\..\src\ta_abstract\tables\table_n.c">
      <Filter>src\ta_abstract\tables</Filter>
    </ClCompile>
    <ClCompile Include="..\..\..\..\src\ta_abstract\tables\table_o.c">
      <Filter>src\ta_abstract\tables</Filter>
    </ClCompile>
    <ClCompile Include="..\..\..\..\src\ta_abstract\tables\table_p.c">
      <Filter>src\ta_abstract\tables</Filter>
    </ClCompile>
    <ClCompile Include="..\..\..\..\src\ta_abstract\tables\table_q.c">
      <Filter>src\ta_abstract\tables</Filter>
    </ClCompile>
    <ClCompile Include="..\..\..\..\src\ta_abstract\tables\table_r.c">
      <Filter>src\ta_abstract\tables</Filter>
    </ClCompile>
    <ClCompile Include="..\..\..\..\src\ta_abstract\tables\table_s.c">
      <Filter>src\ta_abstract\tables</Filter>
    </ClCompile>
    <ClCompile Include="..\..\..\..\src\ta_abstract\tables\table_t.c">
      <Filter>src\ta_abstract\tables</Filter>
    </ClCompile>
    <ClCompile Include="..\..\..\..\src\ta_abstract\tables\table_u.c">
      <Filter>src\ta_abstract\tables</Filter>
    </ClCompile>
    <ClCompile Include="..\..\..\..\src\ta_abstract\tables\table_v.c">
      <Filter>src\ta_abstract\tables</Filter>
    </ClCompile>
    <ClCompile Include="..\..\..\..\src\ta_abstract\tables\table_w.c">
      <Filter>src\ta_abstract\tables</Filter>
    </ClCompile>
    <ClCompile Include="..\..\..\..\src\ta_abstract\tables\table_x.c">
      <Filter>src\ta_abstract\tables</Filter>
    </ClCompile>
    <ClCompile Include="..\..\..\..\src\ta_abstract\tables\table_y.c">
      <Filter>src\ta_abstract\tables</Filter>
    </ClCompile>
    <ClCompile Include="..\..\..\..\src\ta_abstract\tables\table_z.c">
      <Filter>src\ta_abstract\tables</Filter>
    </ClCompile>
    <ClCompile Include="..\..\..\..\src\ta_abstract\ta_abstract.c">
      <Filter>src\ta_abstract</Filter>
    </ClCompile>
    <ClCompile Include="..\..\..\..\src\ta_abstract\ta_def_ui.c">
      <Filter>src\ta_abstract</Filter>
    </ClCompile>
    <ClCompile Include="..\..\..\..\src\tools\gen_code\gen_code.c">
      <Filter>src\tools\gen_code</Filter>
    </ClCompile>
  </ItemGroup>
</Project>